// !$*UTF8*$!
{
	archiveVersion = 1;
	classes = {
	};
	objectVersion = 46;
	objects = {

/* Begin PBXBuildFile section */
		A174A5201C908AA200CC9290 /* AppDelegate.swift in Sources */ = {isa = PBXBuildFile; fileRef = A174A51F1C908AA200CC9290 /* AppDelegate.swift */; };
		A174A5221C908AA200CC9290 /* ViewController.swift in Sources */ = {isa = PBXBuildFile; fileRef = A174A5211C908AA200CC9290 /* ViewController.swift */; };
		A174A5251C908AA200CC9290 /* Main.storyboard in Resources */ = {isa = PBXBuildFile; fileRef = A174A5231C908AA200CC9290 /* Main.storyboard */; };
		A174A5271C908AA200CC9290 /* Assets.xcassets in Resources */ = {isa = PBXBuildFile; fileRef = A174A5261C908AA200CC9290 /* Assets.xcassets */; };
		A174A52A1C908AA200CC9290 /* LaunchScreen.storyboard in Resources */ = {isa = PBXBuildFile; fileRef = A174A5281C908AA200CC9290 /* LaunchScreen.storyboard */; };
/* End PBXBuildFile section */

/* Begin PBXFileReference section */
		A174A51C1C908AA200CC9290 /* onelife.app */ = {isa = PBXFileReference; explicitFileType = wrapper.application; includeInIndex = 0; path = onelife.app; sourceTree = BUILT_PRODUCTS_DIR; };
		A174A51F1C908AA200CC9290 /* AppDelegate.swift */ = {isa = PBXFileReference; lastKnownFileType = sourcecode.swift; path = AppDelegate.swift; sourceTree = "<group>"; };
		A174A5211C908AA200CC9290 /* ViewController.swift */ = {isa = PBXFileReference; lastKnownFileType = sourcecode.swift; path = ViewController.swift; sourceTree = "<group>"; };
		A174A5241C908AA200CC9290 /* Base */ = {isa = PBXFileReference; lastKnownFileType = file.storyboard; name = Base; path = Base.lproj/Main.storyboard; sourceTree = "<group>"; };
		A174A5261C908AA200CC9290 /* Assets.xcassets */ = {isa = PBXFileReference; lastKnownFileType = folder.assetcatalog; path = Assets.xcassets; sourceTree = "<group>"; };
		A174A5291C908AA200CC9290 /* Base */ = {isa = PBXFileReference; lastKnownFileType = file.storyboard; name = Base; path = Base.lproj/LaunchScreen.storyboard; sourceTree = "<group>"; };
		A174A52B1C908AA200CC9290 /* Info.plist */ = {isa = PBXFileReference; lastKnownFileType = text.plist.xml; path = Info.plist; sourceTree = "<group>"; };
/* End PBXFileReference section */

/* Begin PBXFrameworksBuildPhase section */
		A174A5191C908AA200CC9290 /* Frameworks */ = {
			isa = PBXFrameworksBuildPhase;
			buildActionMask = 2147483647;
			files = (
			);
			runOnlyForDeploymentPostprocessing = 0;
		};
/* End PBXFrameworksBuildPhase section */

/* Begin PBXGroup section */
		A174A5131C908AA200CC9290 = {
			isa = PBXGroup;
			children = (
				A174A51E1C908AA200CC9290 /* onelife */,
				A174A51D1C908AA200CC9290 /* Products */,
			);
			sourceTree = "<group>";
		};
		A174A51D1C908AA200CC9290 /* Products */ = {
			isa = PBXGroup;
			children = (
				A174A51C1C908AA200CC9290 /* onelife.app */,
			);
			name = Products;
			sourceTree = "<group>";
		};
		A174A51E1C908AA200CC9290 /* onelife */ = {
			isa = PBXGroup;
			children = (
				A174A51F1C908AA200CC9290 /* AppDelegate.swift */,
				A174A5211C908AA200CC9290 /* ViewController.swift */,
				A174A5231C908AA200CC9290 /* Main.storyboard */,
				A174A5261C908AA200CC9290 /* Assets.xcassets */,
				A174A5281C908AA200CC9290 /* LaunchScreen.storyboard */,
				A174A52B1C908AA200CC9290 /* Info.plist */,
			);
			path = onelife;
			sourceTree = "<group>";
		};
/* End PBXGroup section */

/* Begin PBXNativeTarget section */
		A174A51B1C908AA200CC9290 /* onelife */ = {
			isa = PBXNativeTarget;
			buildConfigurationList = A174A52E1C908AA200CC9290 /* Build configuration list for PBXNativeTarget "onelife" */;
			buildPhases = (
				A174A5181C908AA200CC9290 /* Sources */,
				A174A5191C908AA200CC9290 /* Frameworks */,
				A174A51A1C908AA200CC9290 /* Resources */,
			);
			buildRules = (
			);
			dependencies = (
			);
			name = onelife;
			productName = onelife;
			productReference = A174A51C1C908AA200CC9290 /* onelife.app */;
			productType = "com.apple.product-type.application";
		};
/* End PBXNativeTarget section */

/* Begin PBXProject section */
		A174A5141C908AA200CC9290 /* Project object */ = {
			isa = PBXProject;
			attributes = {
				LastSwiftUpdateCheck = 0720;
				LastUpgradeCheck = 0720;
				ORGANIZATIONNAME = "Andy Bartlett";
				TargetAttributes = {
					A174A51B1C908AA200CC9290 = {
						CreatedOnToolsVersion = 7.2;
						DevelopmentTeam = PG274W2TNY;
					};
				};
			};
			buildConfigurationList = A174A5171C908AA200CC9290 /* Build configuration list for PBXProject "onelife" */;
			compatibilityVersion = "Xcode 3.2";
			developmentRegion = English;
			hasScannedForEncodings = 0;
			knownRegions = (
				en,
				Base,
			);
			mainGroup = A174A5131C908AA200CC9290;
			productRefGroup = A174A51D1C908AA200CC9290 /* Products */;
			projectDirPath = "";
			projectRoot = "";
			targets = (
				A174A51B1C908AA200CC9290 /* onelife */,
			);
		};
/* End PBXProject section */

/* Begin PBXResourcesBuildPhase section */
		A174A51A1C908AA200CC9290 /* Resources */ = {
			isa = PBXResourcesBuildPhase;
			buildActionMask = 2147483647;
			files = (
				A174A52A1C908AA200CC9290 /* LaunchScreen.storyboard in Resources */,
				A174A5271C908AA200CC9290 /* Assets.xcassets in Resources */,
				A174A5251C908AA200CC9290 /* Main.storyboard in Resources */,
			);
			runOnlyForDeploymentPostprocessing = 0;
		};
/* End PBXResourcesBuildPhase section */

/* Begin PBXSourcesBuildPhase section */
		A174A5181C908AA200CC9290 /* Sources */ = {
			isa = PBXSourcesBuildPhase;
			buildActionMask = 2147483647;
			files = (
				A174A5221C908AA200CC9290 /* ViewController.swift in Sources */,
				A174A5201C908AA200CC9290 /* AppDelegate.swift in Sources */,
			);
			runOnlyForDeploymentPostprocessing = 0;
		};
/* End PBXSourcesBuildPhase section */

/* Begin PBXVariantGroup section */
		A174A5231C908AA200CC9290 /* Main.storyboard */ = {
			isa = PBXVariantGroup;
			children = (
				A174A5241C908AA200CC9290 /* Base */,
			);
			name = Main.storyboard;
			sourceTree = "<group>";
		};
		A174A5281C908AA200CC9290 /* LaunchScreen.storyboard */ = {
			isa = PBXVariantGroup;
			children = (
				A174A5291C908AA200CC9290 /* Base */,
			);
			name = LaunchScreen.storyboard;
			sourceTree = "<group>";
		};
/* End PBXVariantGroup section */

/* Begin XCBuildConfiguration section */
		A174A52C1C908AA200CC9290 /* Debug */ = {
			isa = XCBuildConfiguration;
			buildSettings = {
				ALWAYS_SEARCH_USER_PATHS = NO;
				CLANG_CXX_LANGUAGE_STANDARD = "gnu++0x";
				CLANG_CXX_LIBRARY = "libc++";
				CLANG_ENABLE_MODULES = YES;
				CLANG_ENABLE_OBJC_ARC = YES;
				CLANG_WARN_BOOL_CONVERSION = YES;
				CLANG_WARN_CONSTANT_CONVERSION = YES;
				CLANG_WARN_DIRECT_OBJC_ISA_USAGE = YES_ERROR;
				CLANG_WARN_EMPTY_BODY = YES;
				CLANG_WARN_ENUM_CONVERSION = YES;
				CLANG_WARN_INT_CONVERSION = YES;
				CLANG_WARN_OBJC_ROOT_CLASS = YES_ERROR;
				CLANG_WARN_UNREACHABLE_CODE = YES;
				CLANG_WARN__DUPLICATE_METHOD_MATCH = YES;
				"CODE_SIGN_IDENTITY[sdk=iphoneos*]" = "iPhone Developer";
				COPY_PHASE_STRIP = NO;
				DEBUG_INFORMATION_FORMAT = dwarf;
				ENABLE_STRICT_OBJC_MSGSEND = YES;
				ENABLE_TESTABILITY = YES;
				GCC_C_LANGUAGE_STANDARD = gnu99;
				GCC_DYNAMIC_NO_PIC = NO;
				GCC_NO_COMMON_BLOCKS = YES;
				GCC_OPTIMIZATION_LEVEL = 0;
				GCC_PREPROCESSOR_DEFINITIONS = (
					"DEBUG=1",
					"$(inherited)",
				);
				GCC_WARN_64_TO_32_BIT_CONVERSION = YES;
				GCC_WARN_ABOUT_RETURN_TYPE = YES_ERROR;
				GCC_WARN_UNDECLARED_SELECTOR = YES;
				GCC_WARN_UNINITIALIZED_AUTOS = YES_AGGRESSIVE;
				GCC_WARN_UNUSED_FUNCTION = YES;
				GCC_WARN_UNUSED_VARIABLE = YES;
				IPHONEOS_DEPLOYMENT_TARGET = 9.2;
				MTL_ENABLE_DEBUG_INFO = YES;
				ONLY_ACTIVE_ARCH = YES;
				SDKROOT = iphoneos;
				SWIFT_OPTIMIZATION_LEVEL = "-Onone";
			};
			name = Debug;
		};
		A174A52D1C908AA200CC9290 /* Release */ = {
			isa = XCBuildConfiguration;
			buildSettings = {
				ALWAYS_SEARCH_USER_PATHS = NO;
				CLANG_CXX_LANGUAGE_STANDARD = "gnu++0x";
				CLANG_CXX_LIBRARY = "libc++";
				CLANG_ENABLE_MODULES = YES;
				CLANG_ENABLE_OBJC_ARC = YES;
				CLANG_WARN_BOOL_CONVERSION = YES;
				CLANG_WARN_CONSTANT_CONVERSION = YES;
				CLANG_WARN_DIRECT_OBJC_ISA_USAGE = YES_ERROR;
				CLANG_WARN_EMPTY_BODY = YES;
				CLANG_WARN_ENUM_CONVERSION = YES;
				CLANG_WARN_INT_CONVERSION = YES;
				CLANG_WARN_OBJC_ROOT_CLASS = YES_ERROR;
				CLANG_WARN_UNREACHABLE_CODE = YES;
				CLANG_WARN__DUPLICATE_METHOD_MATCH = YES;
				"CODE_SIGN_IDENTITY[sdk=iphoneos*]" = "iPhone Developer";
				COPY_PHASE_STRIP = NO;
				DEBUG_INFORMATION_FORMAT = "dwarf-with-dsym";
				ENABLE_NS_ASSERTIONS = NO;
				ENABLE_STRICT_OBJC_MSGSEND = YES;
				GCC_C_LANGUAGE_STANDARD = gnu99;
				GCC_NO_COMMON_BLOCKS = YES;
				GCC_WARN_64_TO_32_BIT_CONVERSION = YES;
				GCC_WARN_ABOUT_RETURN_TYPE = YES_ERROR;
				GCC_WARN_UNDECLARED_SELECTOR = YES;
				GCC_WARN_UNINITIALIZED_AUTOS = YES_AGGRESSIVE;
				GCC_WARN_UNUSED_FUNCTION = YES;
				GCC_WARN_UNUSED_VARIABLE = YES;
				IPHONEOS_DEPLOYMENT_TARGET = 9.2;
				MTL_ENABLE_DEBUG_INFO = NO;
				SDKROOT = iphoneos;
				VALIDATE_PRODUCT = YES;
			};
			name = Release;
		};
		A174A52F1C908AA200CC9290 /* Debug */ = {
			isa = XCBuildConfiguration;
			buildSettings = {
				ASSETCATALOG_COMPILER_APPICON_NAME = AppIcon;
				INFOPLIST_FILE = onelife/Info.plist;
				LD_RUNPATH_SEARCH_PATHS = "$(inherited) @executable_path/Frameworks";
				PRODUCT_BUNDLE_IDENTIFIER = com.barcode.onelife;
				PRODUCT_NAME = "$(TARGET_NAME)";
			};
			name = Debug;
		};
		A174A5301C908AA200CC9290 /* Release */ = {
			isa = XCBuildConfiguration;
			buildSettings = {
				ASSETCATALOG_COMPILER_APPICON_NAME = AppIcon;
				INFOPLIST_FILE = onelife/Info.plist;
				LD_RUNPATH_SEARCH_PATHS = "$(inherited) @executable_path/Frameworks";
				PRODUCT_BUNDLE_IDENTIFIER = com.barcode.onelife;
				PRODUCT_NAME = "$(TARGET_NAME)";
			};
			name = Release;
		};
/* End XCBuildConfiguration section */

/* Begin XCConfigurationList section */
		A174A5171C908AA200CC9290 /* Build configuration list for PBXProject "onelife" */ = {
			isa = XCConfigurationList;
			buildConfigurations = (
				A174A52C1C908AA200CC9290 /* Debug */,
				A174A52D1C908AA200CC9290 /* Release */,
			);
			defaultConfigurationIsVisible = 0;
			defaultConfigurationName = Release;
		};
		A174A52E1C908AA200CC9290 /* Build configuration list for PBXNativeTarget "onelife" */ = {
			isa = XCConfigurationList;
			buildConfigurations = (
				A174A52F1C908AA200CC9290 /* Debug */,
				A174A5301C908AA200CC9290 /* Release */,
			);
			defaultConfigurationIsVisible = 0;
		};
/* End XCConfigurationList section */
	};
	rootObject = A174A5141C908AA200CC9290 /* Project object */;
}
